
Microsoft Visual Studio Solution File, Format Version 12.00
# Visual Studio Version 16
VisualStudioVersion = 16.0.29306.81
MinimumVisualStudioVersion = 10.0.40219.1
Project("{FAE04EC0-301F-11D3-BF4B-00C04F79EFBC}") = "OkulApp", "OkulApp\OkulApp.csproj", "{5A160D73-C3C9-4A85-B870-0AC806251D65}"
EndProject
Project("{FAE04EC0-301F-11D3-BF4B-00C04F79EFBC}") = "OkulApp.Models", "OkulApp.Models\OkulApp.Models.csproj", "{34A2F8B5-04B2-43E8-B62A-325F32D165D7}"
EndProject
Project("{FAE04EC0-301F-11D3-BF4B-00C04F79EFBC}") = "OkulApp.BLL", "OkulApp.DLL\OkulApp.BLL.csproj", "{26EF4695-82F6-47E8-B9F6-81CA8FCB08F8}"
EndProject
Project("{FAE04EC0-301F-11D3-BF4B-00C04F79EFBC}") = "OkulApp.DAL", "OkulApp.DAL\OkulApp.DAL.csproj", "{8900B129-3F67-4EA2-9C75-05E0E73EFE14}"
EndProject
Global
	GlobalSection(SolutionConfigurationPlatforms) = preSolution
		Debug|Any CPU = Debug|Any CPU
		Release|Any CPU = Release|Any CPU
	EndGlobalSection
	GlobalSection(ProjectConfigurationPlatforms) = postSolution
		{5A160D73-C3C9-4A85-B870-0AC806251D65}.Debug|Any CPU.ActiveCfg = Debug|Any CPU
		{5A160D73-C3C9-4A85-B870-0AC806251D65}.Debug|Any CPU.Build.0 = Debug|Any CPU
		{5A160D73-C3C9-4A85-B870-0AC806251D65}.Release|Any CPU.ActiveCfg = Release|Any CPU
		{5A160D73-C3C9-4A85-B870-0AC806251D65}.Release|Any CPU.Build.0 = Release|Any CPU
		{34A2F8B5-04B2-43E8-B62A-325F32D165D7}.Debug|Any CPU.ActiveCfg = Debug|Any CPU
		{34A2F8B5-04B2-43E8-B62A-325F32D165D7}.Debug|Any CPU.Build.0 = Debug|Any CPU
		{34A2F8B5-04B2-43E8-B62A-325F32D165D7}.Release|Any CPU.ActiveCfg = Release|Any CPU
		{34A2F8B5-04B2-43E8-B62A-325F32D165D7}.Release|Any CPU.Build.0 = Release|Any CPU
		{26EF4695-82F6-47E8-B9F6-81CA8FCB08F8}.Debug|Any CPU.ActiveCfg = Debug|Any CPU
		{26EF4695-82F6-47E8-B9F6-81CA8FCB08F8}.Debug|Any CPU.Build.0 = Debug|Any CPU
		{26EF4695-82F6-47E8-B9F6-81CA8FCB08F8}.Release|Any CPU.ActiveCfg = Release|Any CPU
		{26EF4695-82F6-47E8-B9F6-81CA8FCB08F8}.Release|Any CPU.Build.0 = Release|Any CPU
		{8900B129-3F67-4EA2-9C75-05E0E73EFE14}.Debug|Any CPU.ActiveCfg = Debug|Any CPU
		{8900B129-3F67-4EA2-9C75-05E0E73EFE14}.Debug|Any CPU.Build.0 = Debug|Any CPU
		{8900B129-3F67-4EA2-9C75-05E0E73EFE14}.Release|Any CPU.ActiveCfg = Release|Any CPU
		{8900B129-3F67-4EA2-9C75-05E0E73EFE14}.Release|Any CPU.Build.0 = Release|Any CPU
	EndGlobalSection
	GlobalSection(SolutionProperties) = preSolution
		HideSolutionNode = FALSE
	EndGlobalSection
	GlobalSection(ExtensibilityGlobals) = postSolution
		SolutionGuid = {06EA35CB-D174-4B00-B771-E4045830FF5E}
	EndGlobalSection
EndGlobal
